
Microsoft Visual Studio Solution File, Format Version 12.00
# Visual Studio Version 16
VisualStudioVersion = 16.0.29123.88
MinimumVisualStudioVersion = 10.0.40219.1
Project("{FAE04EC0-301F-11D3-BF4B-00C04F79EFBC}") = "FitCode.Identity", "src\FitCode.Identity\FitCode.Identity.csproj", "{D2557206-133D-449B-AD16-DE562CADA326}"
EndProject
Global
	GlobalSection(SolutionConfigurationPlatforms) = preSolution
		Debug|Any CPU = Debug|Any CPU
		Release|Any CPU = Release|Any CPU
	EndGlobalSection
	GlobalSection(ProjectConfigurationPlatforms) = postSolution
		{D2557206-133D-449B-AD16-DE562CADA326}.Debug|Any CPU.ActiveCfg = Debug|Any CPU
		{D2557206-133D-449B-AD16-DE562CADA326}.Debug|Any CPU.Build.0 = Debug|Any CPU
		{D2557206-133D-449B-AD16-DE562CADA326}.Release|Any CPU.ActiveCfg = Release|Any CPU
		{D2557206-133D-449B-AD16-DE562CADA326}.Release|Any CPU.Build.0 = Release|Any CPU
	EndGlobalSection
	GlobalSection(SolutionProperties) = preSolution
		HideSolutionNode = FALSE
	EndGlobalSection
	GlobalSection(ExtensibilityGlobals) = postSolution
		SolutionGuid = {6937DD05-E2E6-492C-BFCE-8E5DED314168}
	EndGlobalSection
EndGlobal
